{
  "name": "cmd-studio-website",
  "version": "0.1.0",
  "lockfileVersion": 3,
  "requires": true,
  "packages": {
    "": {
      "name": "cmd-studio-website",
      "version": "0.1.0",
      "dependencies": {
        "react": "^18",
        "react-dom": "^18",
        "next": "^14"
      },
      "devDependencies": {
        "eslint": "^8",
        "eslint-config-next": "^14"
      }
    }
  }
}
